{
	"name": "es4x-utils",
	"version": "0.1.0",
	"lockfileVersion": 2,
	"requires": true,
	"packages": {
		"": {
			"name": "es4x-utils",
			"version": "0.1.0",
			"hasInstallScript": true,
			"dependencies": {
				"@vertx/core": "4.1.0",
				"@vertx/web": "4.2.5",
				"@vertx/web-client": "4.2.5",
				"jsrsasign": "10.5.27",
				"url-parse": "1.5.10"
			},
			"devDependencies": {
				"@es4x/create": "0.14.0",
				"@vertx/unit": "4.1.0"
			}
		},
		"node_modules/@es4x/create": {
			"version": "0.14.0",
			"resolved": "https://registry.npmjs.org/@es4x/create/-/create-0.14.0.tgz",
			"integrity": "sha512-PUnEfUCZWA1SJI9k4Ra4CXL/QDW9F3wzQhZY9jfIE5y+o54aI1xf2uDjkcwi/HJtRNC3RfON2EjS1i6j6FnpgA==",
			"dev": true,
			"bin": {
				"es4x": "bin/es4x-cli.js"
			}
		},
		"node_modules/@vertx/auth-common": {
			"version": "4.2.5",
			"resolved": "https://registry.npmjs.org/@vertx/auth-common/-/auth-common-4.2.5.tgz",
			"integrity": "sha512-h11MXILBvxtgDeitxkAHsGBhIpITTzUelo4+IrMoQQoE+tNguxBqJ6vzYwGRWFokO0eiaSoH9MWPnIGgMA18Rw==",
			"dependencies": {
				"@vertx/core": "4.2.5"
			}
		},
		"node_modules/@vertx/auth-common/node_modules/@vertx/core": {
			"version": "4.2.5",
			"resolved": "https://registry.npmjs.org/@vertx/core/-/core-4.2.5.tgz",
			"integrity": "sha512-36IQUsgJ7yQhUxxhVPRDOv7eiQk/i0/bKDKhpG0qdYmOLWJwFsLFucjoJNwNcYbcytQEcYkNye8COgw86nc2iw=="
		},
		"node_modules/@vertx/bridge-common": {
			"version": "4.2.5",
			"resolved": "https://registry.npmjs.org/@vertx/bridge-common/-/bridge-common-4.2.5.tgz",
			"integrity": "sha512-tCaK2nbAMK2rp8s30sdehbc8xkjjt5h/645aAzMs5Tfv+RWwvYSwZO/oSXroCv3eH1tVI4tswZHKnqxnS0r1GA==",
			"dependencies": {
				"@vertx/core": "4.2.5"
			}
		},
		"node_modules/@vertx/bridge-common/node_modules/@vertx/core": {
			"version": "4.2.5",
			"resolved": "https://registry.npmjs.org/@vertx/core/-/core-4.2.5.tgz",
			"integrity": "sha512-36IQUsgJ7yQhUxxhVPRDOv7eiQk/i0/bKDKhpG0qdYmOLWJwFsLFucjoJNwNcYbcytQEcYkNye8COgw86nc2iw=="
		},
		"node_modules/@vertx/core": {
			"version": "4.1.0",
			"resolved": "https://registry.npmjs.org/@vertx/core/-/core-4.1.0.tgz",
			"integrity": "sha512-vc64DKTK5NI2UOm9FCeVkoF878oKQ62RGlXHKXdLpjE6xQRxz/g/8IiesWaN7XaTWhkAQapitmeF+NrVVRww2w=="
		},
		"node_modules/@vertx/unit": {
			"version": "4.1.0",
			"resolved": "https://registry.npmjs.org/@vertx/unit/-/unit-4.1.0.tgz",
			"integrity": "sha512-upPsEq0Ni5zXDToBkcFThWgAM2peUXZOyOaAev0R92eEAvWHDkctRJjdPmmmqMkUOGn1ASkxHHbk1idR2374Gw==",
			"dev": true,
			"dependencies": {
				"@vertx/core": "4.1.0"
			}
		},
		"node_modules/@vertx/web": {
			"version": "4.2.5",
			"resolved": "https://registry.npmjs.org/@vertx/web/-/web-4.2.5.tgz",
			"integrity": "sha512-nuOued5xL82ZocYfs1Dgjn5zUZpCxW7yj8kR44eVGS9lZJoK99xAWVMJ3RNbPaRPJrBWWghXKUVh2S0e3zrnew==",
			"dependencies": {
				"@vertx/auth-common": "4.2.5",
				"@vertx/bridge-common": "4.2.5",
				"@vertx/core": "4.2.5",
				"@vertx/web-common": "4.2.5"
			}
		},
		"node_modules/@vertx/web-client": {
			"version": "4.2.5",
			"resolved": "https://registry.npmjs.org/@vertx/web-client/-/web-client-4.2.5.tgz",
			"integrity": "sha512-cpylKfDSSTNTRexajheAEZdhWTNaxD+SRstGTyuugjOIyLYxhnwCSRxL813L1kFNcoB8/ikjrUMimG8owmunvw==",
			"dependencies": {
				"@vertx/core": "4.2.5",
				"@vertx/web-common": "4.2.5"
			}
		},
		"node_modules/@vertx/web-client/node_modules/@vertx/core": {
			"version": "4.2.5",
			"resolved": "https://registry.npmjs.org/@vertx/core/-/core-4.2.5.tgz",
			"integrity": "sha512-36IQUsgJ7yQhUxxhVPRDOv7eiQk/i0/bKDKhpG0qdYmOLWJwFsLFucjoJNwNcYbcytQEcYkNye8COgw86nc2iw=="
		},
		"node_modules/@vertx/web-common": {
			"version": "4.2.5",
			"resolved": "https://registry.npmjs.org/@vertx/web-common/-/web-common-4.2.5.tgz",
			"integrity": "sha512-A0JvZdM7p+EWYOX3OLVrQ98csg3+QlX1OvVDyMVxq1Sjcr2ELPy/9ZJus5w4ybfVoVRM/BoWFiHqtuFGNhshxg==",
			"dependencies": {
				"@vertx/core": "4.2.5"
			}
		},
		"node_modules/@vertx/web-common/node_modules/@vertx/core": {
			"version": "4.2.5",
			"resolved": "https://registry.npmjs.org/@vertx/core/-/core-4.2.5.tgz",
			"integrity": "sha512-36IQUsgJ7yQhUxxhVPRDOv7eiQk/i0/bKDKhpG0qdYmOLWJwFsLFucjoJNwNcYbcytQEcYkNye8COgw86nc2iw=="
		},
		"node_modules/@vertx/web/node_modules/@vertx/core": {
			"version": "4.2.5",
			"resolved": "https://registry.npmjs.org/@vertx/core/-/core-4.2.5.tgz",
			"integrity": "sha512-36IQUsgJ7yQhUxxhVPRDOv7eiQk/i0/bKDKhpG0qdYmOLWJwFsLFucjoJNwNcYbcytQEcYkNye8COgw86nc2iw=="
		},
		"node_modules/jsrsasign": {
			"version": "10.5.27",
			"resolved": "https://registry.npmjs.org/jsrsasign/-/jsrsasign-10.5.27.tgz",
			"integrity": "sha512-1F4LmDeJZHYwoVvB44jEo2uZL3XuwYNzXCDOu53Ui6vqofGQ/gCYDmaxfVZtN0TGd92UKXr/BONcfrPonUIcQQ==",
			"funding": {
				"url": "https://github.com/kjur/jsrsasign#donations"
			}
		},
		"node_modules/querystringify": {
			"version": "2.2.0",
			"resolved": "https://registry.npmjs.org/querystringify/-/querystringify-2.2.0.tgz",
			"integrity": "sha512-FIqgj2EUvTa7R50u0rGsyTftzjYmv/a3hO345bZNrqabNqjtgiDMgmo4mkUjd+nzU5oF3dClKqFIPUKybUyqoQ=="
		},
		"node_modules/requires-port": {
			"version": "1.0.0",
			"resolved": "https://registry.npmjs.org/requires-port/-/requires-port-1.0.0.tgz",
			"integrity": "sha512-KigOCHcocU3XODJxsu8i/j8T9tzT4adHiecwORRQ0ZZFcp7ahwXuRU1m+yuO90C5ZUyGeGfocHDI14M3L3yDAQ=="
		},
		"node_modules/url-parse": {
			"version": "1.5.10",
			"resolved": "https://registry.npmjs.org/url-parse/-/url-parse-1.5.10.tgz",
			"integrity": "sha512-WypcfiRhfeUP9vvF0j6rw0J3hrWrw6iZv3+22h6iRMJ/8z1Tj6XfLP4DsUix5MhMPnXpiHDoKyoZ/bdCkwBCiQ==",
			"dependencies": {
				"querystringify": "^2.1.1",
				"requires-port": "^1.0.0"
			}
		}
	},
	"dependencies": {
		"@es4x/create": {
			"version": "0.14.0",
			"resolved": "https://registry.npmjs.org/@es4x/create/-/create-0.14.0.tgz",
			"integrity": "sha512-PUnEfUCZWA1SJI9k4Ra4CXL/QDW9F3wzQhZY9jfIE5y+o54aI1xf2uDjkcwi/HJtRNC3RfON2EjS1i6j6FnpgA==",
			"dev": true
		},
		"@vertx/auth-common": {
			"version": "4.2.5",
			"resolved": "https://registry.npmjs.org/@vertx/auth-common/-/auth-common-4.2.5.tgz",
			"integrity": "sha512-h11MXILBvxtgDeitxkAHsGBhIpITTzUelo4+IrMoQQoE+tNguxBqJ6vzYwGRWFokO0eiaSoH9MWPnIGgMA18Rw==",
			"requires": {
				"@vertx/core": "4.2.5"
			},
			"dependencies": {
				"@vertx/core": {
					"version": "4.2.5",
					"resolved": "https://registry.npmjs.org/@vertx/core/-/core-4.2.5.tgz",
					"integrity": "sha512-36IQUsgJ7yQhUxxhVPRDOv7eiQk/i0/bKDKhpG0qdYmOLWJwFsLFucjoJNwNcYbcytQEcYkNye8COgw86nc2iw=="
				}
			}
		},
		"@vertx/bridge-common": {
			"version": "4.2.5",
			"resolved": "https://registry.npmjs.org/@vertx/bridge-common/-/bridge-common-4.2.5.tgz",
			"integrity": "sha512-tCaK2nbAMK2rp8s30sdehbc8xkjjt5h/645aAzMs5Tfv+RWwvYSwZO/oSXroCv3eH1tVI4tswZHKnqxnS0r1GA==",
			"requires": {
				"@vertx/core": "4.2.5"
			},
			"dependencies": {
				"@vertx/core": {
					"version": "4.2.5",
					"resolved": "https://registry.npmjs.org/@vertx/core/-/core-4.2.5.tgz",
					"integrity": "sha512-36IQUsgJ7yQhUxxhVPRDOv7eiQk/i0/bKDKhpG0qdYmOLWJwFsLFucjoJNwNcYbcytQEcYkNye8COgw86nc2iw=="
				}
			}
		},
		"@vertx/core": {
			"version": "4.1.0",
			"resolved": "https://registry.npmjs.org/@vertx/core/-/core-4.1.0.tgz",
			"integrity": "sha512-vc64DKTK5NI2UOm9FCeVkoF878oKQ62RGlXHKXdLpjE6xQRxz/g/8IiesWaN7XaTWhkAQapitmeF+NrVVRww2w=="
		},
		"@vertx/unit": {
			"version": "4.1.0",
			"resolved": "https://registry.npmjs.org/@vertx/unit/-/unit-4.1.0.tgz",
			"integrity": "sha512-upPsEq0Ni5zXDToBkcFThWgAM2peUXZOyOaAev0R92eEAvWHDkctRJjdPmmmqMkUOGn1ASkxHHbk1idR2374Gw==",
			"dev": true,
			"requires": {
				"@vertx/core": "4.1.0"
			}
		},
		"@vertx/web": {
			"version": "4.2.5",
			"resolved": "https://registry.npmjs.org/@vertx/web/-/web-4.2.5.tgz",
			"integrity": "sha512-nuOued5xL82ZocYfs1Dgjn5zUZpCxW7yj8kR44eVGS9lZJoK99xAWVMJ3RNbPaRPJrBWWghXKUVh2S0e3zrnew==",
			"requires": {
				"@vertx/auth-common": "4.2.5",
				"@vertx/bridge-common": "4.2.5",
				"@vertx/core": "4.2.5",
				"@vertx/web-common": "4.2.5"
			},
			"dependencies": {
				"@vertx/core": {
					"version": "4.2.5",
					"resolved": "https://registry.npmjs.org/@vertx/core/-/core-4.2.5.tgz",
					"integrity": "sha512-36IQUsgJ7yQhUxxhVPRDOv7eiQk/i0/bKDKhpG0qdYmOLWJwFsLFucjoJNwNcYbcytQEcYkNye8COgw86nc2iw=="
				}
			}
		},
		"@vertx/web-client": {
			"version": "4.2.5",
			"resolved": "https://registry.npmjs.org/@vertx/web-client/-/web-client-4.2.5.tgz",
			"integrity": "sha512-cpylKfDSSTNTRexajheAEZdhWTNaxD+SRstGTyuugjOIyLYxhnwCSRxL813L1kFNcoB8/ikjrUMimG8owmunvw==",
			"requires": {
				"@vertx/core": "4.2.5",
				"@vertx/web-common": "4.2.5"
			},
			"dependencies": {
				"@vertx/core": {
					"version": "4.2.5",
					"resolved": "https://registry.npmjs.org/@vertx/core/-/core-4.2.5.tgz",
					"integrity": "sha512-36IQUsgJ7yQhUxxhVPRDOv7eiQk/i0/bKDKhpG0qdYmOLWJwFsLFucjoJNwNcYbcytQEcYkNye8COgw86nc2iw=="
				}
			}
		},
		"@vertx/web-common": {
			"version": "4.2.5",
			"resolved": "https://registry.npmjs.org/@vertx/web-common/-/web-common-4.2.5.tgz",
			"integrity": "sha512-A0JvZdM7p+EWYOX3OLVrQ98csg3+QlX1OvVDyMVxq1Sjcr2ELPy/9ZJus5w4ybfVoVRM/BoWFiHqtuFGNhshxg==",
			"requires": {
				"@vertx/core": "4.2.5"
			},
			"dependencies": {
				"@vertx/core": {
					"version": "4.2.5",
					"resolved": "https://registry.npmjs.org/@vertx/core/-/core-4.2.5.tgz",
					"integrity": "sha512-36IQUsgJ7yQhUxxhVPRDOv7eiQk/i0/bKDKhpG0qdYmOLWJwFsLFucjoJNwNcYbcytQEcYkNye8COgw86nc2iw=="
				}
			}
		},
		"jsrsasign": {
			"version": "10.5.27",
			"resolved": "https://registry.npmjs.org/jsrsasign/-/jsrsasign-10.5.27.tgz",
			"integrity": "sha512-1F4LmDeJZHYwoVvB44jEo2uZL3XuwYNzXCDOu53Ui6vqofGQ/gCYDmaxfVZtN0TGd92UKXr/BONcfrPonUIcQQ=="
		},
		"querystringify": {
			"version": "2.2.0",
			"resolved": "https://registry.npmjs.org/querystringify/-/querystringify-2.2.0.tgz",
			"integrity": "sha512-FIqgj2EUvTa7R50u0rGsyTftzjYmv/a3hO345bZNrqabNqjtgiDMgmo4mkUjd+nzU5oF3dClKqFIPUKybUyqoQ=="
		},
		"requires-port": {
			"version": "1.0.0",
			"resolved": "https://registry.npmjs.org/requires-port/-/requires-port-1.0.0.tgz",
			"integrity": "sha512-KigOCHcocU3XODJxsu8i/j8T9tzT4adHiecwORRQ0ZZFcp7ahwXuRU1m+yuO90C5ZUyGeGfocHDI14M3L3yDAQ=="
		},
		"url-parse": {
			"version": "1.5.10",
			"resolved": "https://registry.npmjs.org/url-parse/-/url-parse-1.5.10.tgz",
			"integrity": "sha512-WypcfiRhfeUP9vvF0j6rw0J3hrWrw6iZv3+22h6iRMJ/8z1Tj6XfLP4DsUix5MhMPnXpiHDoKyoZ/bdCkwBCiQ==",
			"requires": {
				"querystringify": "^2.1.1",
				"requires-port": "^1.0.0"
			}
		}
	}
}
